
Microsoft Visual Studio Solution File, Format Version 12.00
# Visual Studio Version 17
VisualStudioVersion = 17.7.34202.233
MinimumVisualStudioVersion = 10.0.40219.1
Project("{9A19103F-16F7-4668-BE54-9A1E7A4F7556}") = "BoggleV2", "BoggleV2\BoggleV2.csproj", "{AF77D564-085B-4714-AF40-2B5F0CED8E84}"
EndProject
Project("{FAE04EC0-301F-11D3-BF4B-00C04F79EFBC}") = "TestProject1", "TestProject1\TestProject1.csproj", "{3A1F31D9-4BA8-4231-918E-1C5A0C9D5BAC}"
EndProject
Global
	GlobalSection(SolutionConfigurationPlatforms) = preSolution
		Debug|Any CPU = Debug|Any CPU
		Release|Any CPU = Release|Any CPU
	EndGlobalSection
	GlobalSection(ProjectConfigurationPlatforms) = postSolution
		{AF77D564-085B-4714-AF40-2B5F0CED8E84}.Debug|Any CPU.ActiveCfg = Debug|Any CPU
		{AF77D564-085B-4714-AF40-2B5F0CED8E84}.Debug|Any CPU.Build.0 = Debug|Any CPU
		{AF77D564-085B-4714-AF40-2B5F0CED8E84}.Release|Any CPU.ActiveCfg = Release|Any CPU
		{AF77D564-085B-4714-AF40-2B5F0CED8E84}.Release|Any CPU.Build.0 = Release|Any CPU
		{3A1F31D9-4BA8-4231-918E-1C5A0C9D5BAC}.Debug|Any CPU.ActiveCfg = Debug|Any CPU
		{3A1F31D9-4BA8-4231-918E-1C5A0C9D5BAC}.Debug|Any CPU.Build.0 = Debug|Any CPU
		{3A1F31D9-4BA8-4231-918E-1C5A0C9D5BAC}.Release|Any CPU.ActiveCfg = Release|Any CPU
		{3A1F31D9-4BA8-4231-918E-1C5A0C9D5BAC}.Release|Any CPU.Build.0 = Release|Any CPU
	EndGlobalSection
	GlobalSection(SolutionProperties) = preSolution
		HideSolutionNode = FALSE
	EndGlobalSection
	GlobalSection(ExtensibilityGlobals) = postSolution
		SolutionGuid = {8A35A539-CB08-45F1-AAC4-88D0BB3243E1}
	EndGlobalSection
EndGlobal
